
Microsoft Visual Studio Solution File, Format Version 12.00
# Visual Studio Version 16
VisualStudioVersion = 16.0.33027.164
MinimumVisualStudioVersion = 10.0.40219.1
Project("{FAE04EC0-301F-11D3-BF4B-00C04F79EFBC}") = "InvoiceWebApp", "InvoiceWebApp\InvoiceWebApp.csproj", "{7843EF5B-9CBC-4017-841F-99421CE8103E}"
EndProject
Global
	GlobalSection(SolutionConfigurationPlatforms) = preSolution
		Debug|Any CPU = Debug|Any CPU
		Release|Any CPU = Release|Any CPU
	EndGlobalSection
	GlobalSection(ProjectConfigurationPlatforms) = postSolution
		{7843EF5B-9CBC-4017-841F-99421CE8103E}.Debug|Any CPU.ActiveCfg = Debug|Any CPU
		{7843EF5B-9CBC-4017-841F-99421CE8103E}.Debug|Any CPU.Build.0 = Debug|Any CPU
		{7843EF5B-9CBC-4017-841F-99421CE8103E}.Release|Any CPU.ActiveCfg = Release|Any CPU
		{7843EF5B-9CBC-4017-841F-99421CE8103E}.Release|Any CPU.Build.0 = Release|Any CPU
	EndGlobalSection
	GlobalSection(SolutionProperties) = preSolution
		HideSolutionNode = FALSE
	EndGlobalSection
	GlobalSection(ExtensibilityGlobals) = postSolution
		SolutionGuid = {ACAD58CB-443B-49A7-B061-3E836F085DCF}
	EndGlobalSection
EndGlobal
